
Microsoft Visual Studio Solution File, Format Version 12.00
# Visual Studio Version 16
VisualStudioVersion = 16.0.29920.165
MinimumVisualStudioVersion = 10.0.40219.1
Project("{FAE04EC0-301F-11D3-BF4B-00C04F79EFBC}") = "ex006", "ex006\ex006.csproj", "{A9CA5FCF-DAB9-44B0-85FC-3495DE7DE4DF}"
EndProject
Global
	GlobalSection(SolutionConfigurationPlatforms) = preSolution
		Debug|Any CPU = Debug|Any CPU
		Release|Any CPU = Release|Any CPU
	EndGlobalSection
	GlobalSection(ProjectConfigurationPlatforms) = postSolution
		{A9CA5FCF-DAB9-44B0-85FC-3495DE7DE4DF}.Debug|Any CPU.ActiveCfg = Debug|Any CPU
		{A9CA5FCF-DAB9-44B0-85FC-3495DE7DE4DF}.Debug|Any CPU.Build.0 = Debug|Any CPU
		{A9CA5FCF-DAB9-44B0-85FC-3495DE7DE4DF}.Release|Any CPU.ActiveCfg = Release|Any CPU
		{A9CA5FCF-DAB9-44B0-85FC-3495DE7DE4DF}.Release|Any CPU.Build.0 = Release|Any CPU
	EndGlobalSection
	GlobalSection(SolutionProperties) = preSolution
		HideSolutionNode = FALSE
	EndGlobalSection
	GlobalSection(ExtensibilityGlobals) = postSolution
		SolutionGuid = {711B56ED-AC89-48B1-B273-B7025AD1B162}
	EndGlobalSection
EndGlobal
